// !$*UTF8*$!
{
	archiveVersion = 1;
	classes = {
	};
	objectVersion = 56;
	objects = {

/* Begin PBXBuildFile section */
		39D415092CF71A1A0061F5F4 /* AppDelegate.swift in Sources */ = {isa = PBXBuildFile; fileRef = 39D415082CF71A1A0061F5F4 /* AppDelegate.swift */; };
		39D4150B2CF71A1A0061F5F4 /* SceneDelegate.swift in Sources */ = {isa = PBXBuildFile; fileRef = 39D4150A2CF71A1A0061F5F4 /* SceneDelegate.swift */; };
		39D4150D2CF71A1A0061F5F4 /* ViewController.swift in Sources */ = {isa = PBXBuildFile; fileRef = 39D4150C2CF71A1A0061F5F4 /* ViewController.swift */; };
		39D415102CF71A1A0061F5F4 /* Main.storyboard in Resources */ = {isa = PBXBuildFile; fileRef = 39D4150E2CF71A1A0061F5F4 /* Main.storyboard */; };
		39D415122CF71A1B0061F5F4 /* Assets.xcassets in Resources */ = {isa = PBXBuildFile; fileRef = 39D415112CF71A1B0061F5F4 /* Assets.xcassets */; };
		39D415152CF71A1B0061F5F4 /* LaunchScreen.storyboard in Resources */ = {isa = PBXBuildFile; fileRef = 39D415132CF71A1B0061F5F4 /* LaunchScreen.storyboard */; };
		39D415202CF71A1B0061F5F4 /* uiTestTests.swift in Sources */ = {isa = PBXBuildFile; fileRef = 39D4151F2CF71A1B0061F5F4 /* uiTestTests.swift */; };
		39D4152A2CF71A1B0061F5F4 /* uiTestUITests.swift in Sources */ = {isa = PBXBuildFile; fileRef = 39D415292CF71A1B0061F5F4 /* uiTestUITests.swift */; };
		39D4152C2CF71A1B0061F5F4 /* uiTestUITestsLaunchTests.swift in Sources */ = {isa = PBXBuildFile; fileRef = 39D4152B2CF71A1B0061F5F4 /* uiTestUITestsLaunchTests.swift */; };
		39D4153A2CF71D810061F5F4 /* CustomBotton.swift in Sources */ = {isa = PBXBuildFile; fileRef = 39D415392CF71D810061F5F4 /* CustomBotton.swift */; };
/* End PBXBuildFile section */

/* Begin PBXContainerItemProxy section */
		39D4151C2CF71A1B0061F5F4 /* PBXContainerItemProxy */ = {
			isa = PBXContainerItemProxy;
			containerPortal = 39D414FD2CF71A1A0061F5F4 /* Project object */;
			proxyType = 1;
			remoteGlobalIDString = 39D415042CF71A1A0061F5F4;
			remoteInfo = uiTest;
		};
		39D415262CF71A1B0061F5F4 /* PBXContainerItemProxy */ = {
			isa = PBXContainerItemProxy;
			containerPortal = 39D414FD2CF71A1A0061F5F4 /* Project object */;
			proxyType = 1;
			remoteGlobalIDString = 39D415042CF71A1A0061F5F4;
			remoteInfo = uiTest;
		};
/* End PBXContainerItemProxy section */

/* Begin PBXFileReference section */
		39D415052CF71A1A0061F5F4 /* uiTest.app */ = {isa = PBXFileReference; explicitFileType = wrapper.application; includeInIndex = 0; path = uiTest.app; sourceTree = BUILT_PRODUCTS_DIR; };
		39D415082CF71A1A0061F5F4 /* AppDelegate.swift */ = {isa = PBXFileReference; lastKnownFileType = sourcecode.swift; path = AppDelegate.swift; sourceTree = "<group>"; };
		39D4150A2CF71A1A0061F5F4 /* SceneDelegate.swift */ = {isa = PBXFileReference; lastKnownFileType = sourcecode.swift; path = SceneDelegate.swift; sourceTree = "<group>"; };
		39D4150C2CF71A1A0061F5F4 /* ViewController.swift */ = {isa = PBXFileReference; lastKnownFileType = sourcecode.swift; path = ViewController.swift; sourceTree = "<group>"; };
		39D4150F2CF71A1A0061F5F4 /* Base */ = {isa = PBXFileReference; lastKnownFileType = file.storyboard; name = Base; path = Base.lproj/Main.storyboard; sourceTree = "<group>"; };
		39D415112CF71A1B0061F5F4 /* Assets.xcassets */ = {isa = PBXFileReference; lastKnownFileType = folder.assetcatalog; path = Assets.xcassets; sourceTree = "<group>"; };
		39D415142CF71A1B0061F5F4 /* Base */ = {isa = PBXFileReference; lastKnownFileType = file.storyboard; name = Base; path = Base.lproj/LaunchScreen.storyboard; sourceTree = "<group>"; };
		39D415162CF71A1B0061F5F4 /* Info.plist */ = {isa = PBXFileReference; lastKnownFileType = text.plist.xml; path = Info.plist; sourceTree = "<group>"; };
		39D4151B2CF71A1B0061F5F4 /* uiTestTests.xctest */ = {isa = PBXFileReference; explicitFileType = wrapper.cfbundle; includeInIndex = 0; path = uiTestTests.xctest; sourceTree = BUILT_PRODUCTS_DIR; };
		39D4151F2CF71A1B0061F5F4 /* uiTestTests.swift */ = {isa = PBXFileReference; lastKnownFileType = sourcecode.swift; path = uiTestTests.swift; sourceTree = "<group>"; };
		39D415252CF71A1B0061F5F4 /* uiTestUITests.xctest */ = {isa = PBXFileReference; explicitFileType = wrapper.cfbundle; includeInIndex = 0; path = uiTestUITests.xctest; sourceTree = BUILT_PRODUCTS_DIR; };
		39D415292CF71A1B0061F5F4 /* uiTestUITests.swift */ = {isa = PBXFileReference; lastKnownFileType = sourcecode.swift; path = uiTestUITests.swift; sourceTree = "<group>"; };
		39D4152B2CF71A1B0061F5F4 /* uiTestUITestsLaunchTests.swift */ = {isa = PBXFileReference; lastKnownFileType = sourcecode.swift; path = uiTestUITestsLaunchTests.swift; sourceTree = "<group>"; };
		39D415392CF71D810061F5F4 /* CustomBotton.swift */ = {isa = PBXFileReference; lastKnownFileType = sourcecode.swift; path = CustomBotton.swift; sourceTree = "<group>"; };
/* End PBXFileReference section */

/* Begin PBXFrameworksBuildPhase section */
		39D415022CF71A1A0061F5F4 /* Frameworks */ = {
			isa = PBXFrameworksBuildPhase;
			buildActionMask = 2147483647;
			files = (
			);
			runOnlyForDeploymentPostprocessing = 0;
		};
		39D415182CF71A1B0061F5F4 /* Frameworks */ = {
			isa = PBXFrameworksBuildPhase;
			buildActionMask = 2147483647;
			files = (
			);
			runOnlyForDeploymentPostprocessing = 0;
		};
		39D415222CF71A1B0061F5F4 /* Frameworks */ = {
			isa = PBXFrameworksBuildPhase;
			buildActionMask = 2147483647;
			files = (
			);
			runOnlyForDeploymentPostprocessing = 0;
		};
/* End PBXFrameworksBuildPhase section */

/* Begin PBXGroup section */
		39D414FC2CF71A1A0061F5F4 = {
			isa = PBXGroup;
			children = (
				39D415072CF71A1A0061F5F4 /* uiTest */,
				39D4151E2CF71A1B0061F5F4 /* uiTestTests */,
				39D415282CF71A1B0061F5F4 /* uiTestUITests */,
				39D415062CF71A1A0061F5F4 /* Products */,
			);
			sourceTree = "<group>";
		};
		39D415062CF71A1A0061F5F4 /* Products */ = {
			isa = PBXGroup;
			children = (
				39D415052CF71A1A0061F5F4 /* uiTest.app */,
				39D4151B2CF71A1B0061F5F4 /* uiTestTests.xctest */,
				39D415252CF71A1B0061F5F4 /* uiTestUITests.xctest */,
			);
			name = Products;
			sourceTree = "<group>";
		};
		39D415072CF71A1A0061F5F4 /* uiTest */ = {
			isa = PBXGroup;
			children = (
				39D415382CF71D3F0061F5F4 /* views */,
				39D415082CF71A1A0061F5F4 /* AppDelegate.swift */,
				39D4150A2CF71A1A0061F5F4 /* SceneDelegate.swift */,
				39D4150C2CF71A1A0061F5F4 /* ViewController.swift */,
				39D4150E2CF71A1A0061F5F4 /* Main.storyboard */,
				39D415112CF71A1B0061F5F4 /* Assets.xcassets */,
				39D415132CF71A1B0061F5F4 /* LaunchScreen.storyboard */,
				39D415162CF71A1B0061F5F4 /* Info.plist */,
			);
			path = uiTest;
			sourceTree = "<group>";
		};
		39D4151E2CF71A1B0061F5F4 /* uiTestTests */ = {
			isa = PBXGroup;
			children = (
				39D4151F2CF71A1B0061F5F4 /* uiTestTests.swift */,
			);
			path = uiTestTests;
			sourceTree = "<group>";
		};
		39D415282CF71A1B0061F5F4 /* uiTestUITests */ = {
			isa = PBXGroup;
			children = (
				39D415292CF71A1B0061F5F4 /* uiTestUITests.swift */,
				39D4152B2CF71A1B0061F5F4 /* uiTestUITestsLaunchTests.swift */,
			);
			path = uiTestUITests;
			sourceTree = "<group>";
		};
		39D415382CF71D3F0061F5F4 /* views */ = {
			isa = PBXGroup;
			children = (
				39D415392CF71D810061F5F4 /* CustomBotton.swift */,
			);
			path = views;
			sourceTree = "<group>";
		};
/* End PBXGroup section */

/* Begin PBXNativeTarget section */
		39D415042CF71A1A0061F5F4 /* uiTest */ = {
			isa = PBXNativeTarget;
			buildConfigurationList = 39D4152F2CF71A1B0061F5F4 /* Build configuration list for PBXNativeTarget "uiTest" */;
			buildPhases = (
				39D415012CF71A1A0061F5F4 /* Sources */,
				39D415022CF71A1A0061F5F4 /* Frameworks */,
				39D415032CF71A1A0061F5F4 /* Resources */,
			);
			buildRules = (
			);
			dependencies = (
			);
			name = uiTest;
			productName = uiTest;
			productReference = 39D415052CF71A1A0061F5F4 /* uiTest.app */;
			productType = "com.apple.product-type.application";
		};
		39D4151A2CF71A1B0061F5F4 /* uiTestTests */ = {
			isa = PBXNativeTarget;
			buildConfigurationList = 39D415322CF71A1B0061F5F4 /* Build configuration list for PBXNativeTarget "uiTestTests" */;
			buildPhases = (
				39D415172CF71A1B0061F5F4 /* Sources */,
				39D415182CF71A1B0061F5F4 /* Frameworks */,
				39D415192CF71A1B0061F5F4 /* Resources */,
			);
			buildRules = (
			);
			dependencies = (
				39D4151D2CF71A1B0061F5F4 /* PBXTargetDependency */,
			);
			name = uiTestTests;
			productName = uiTestTests;
			productReference = 39D4151B2CF71A1B0061F5F4 /* uiTestTests.xctest */;
			productType = "com.apple.product-type.bundle.unit-test";
		};
		39D415242CF71A1B0061F5F4 /* uiTestUITests */ = {
			isa = PBXNativeTarget;
			buildConfigurationList = 39D415352CF71A1B0061F5F4 /* Build configuration list for PBXNativeTarget "uiTestUITests" */;
			buildPhases = (
				39D415212CF71A1B0061F5F4 /* Sources */,
				39D415222CF71A1B0061F5F4 /* Frameworks */,
				39D415232CF71A1B0061F5F4 /* Resources */,
			);
			buildRules = (
			);
			dependencies = (
				39D415272CF71A1B0061F5F4 /* PBXTargetDependency */,
			);
			name = uiTestUITests;
			productName = uiTestUITests;
			productReference = 39D415252CF71A1B0061F5F4 /* uiTestUITests.xctest */;
			productType = "com.apple.product-type.bundle.ui-testing";
		};
/* End PBXNativeTarget section */

/* Begin PBXProject section */
		39D414FD2CF71A1A0061F5F4 /* Project object */ = {
			isa = PBXProject;
			attributes = {
				BuildIndependentTargetsInParallel = 1;
				LastSwiftUpdateCheck = 1510;
				LastUpgradeCheck = 1510;
				TargetAttributes = {
					39D415042CF71A1A0061F5F4 = {
						CreatedOnToolsVersion = 15.1;
					};
					39D4151A2CF71A1B0061F5F4 = {
						CreatedOnToolsVersion = 15.1;
						TestTargetID = 39D415042CF71A1A0061F5F4;
					};
					39D415242CF71A1B0061F5F4 = {
						CreatedOnToolsVersion = 15.1;
						TestTargetID = 39D415042CF71A1A0061F5F4;
					};
				};
			};
			buildConfigurationList = 39D415002CF71A1A0061F5F4 /* Build configuration list for PBXProject "uiTest" */;
			compatibilityVersion = "Xcode 14.0";
			developmentRegion = en;
			hasScannedForEncodings = 0;
			knownRegions = (
				en,
				Base,
			);
			mainGroup = 39D414FC2CF71A1A0061F5F4;
			productRefGroup = 39D415062CF71A1A0061F5F4 /* Products */;
			projectDirPath = "";
			projectRoot = "";
			targets = (
				39D415042CF71A1A0061F5F4 /* uiTest */,
				39D4151A2CF71A1B0061F5F4 /* uiTestTests */,
				39D415242CF71A1B0061F5F4 /* uiTestUITests */,
			);
		};
/* End PBXProject section */

/* Begin PBXResourcesBuildPhase section */
		39D415032CF71A1A0061F5F4 /* Resources */ = {
			isa = PBXResourcesBuildPhase;
			buildActionMask = 2147483647;
			files = (
				39D415152CF71A1B0061F5F4 /* LaunchScreen.storyboard in Resources */,
				39D415122CF71A1B0061F5F4 /* Assets.xcassets in Resources */,
				39D415102CF71A1A0061F5F4 /* Main.storyboard in Resources */,
			);
			runOnlyForDeploymentPostprocessing = 0;
		};
		39D415192CF71A1B0061F5F4 /* Resources */ = {
			isa = PBXResourcesBuildPhase;
			buildActionMask = 2147483647;
			files = (
			);
			runOnlyForDeploymentPostprocessing = 0;
		};
		39D415232CF71A1B0061F5F4 /* Resources */ = {
			isa = PBXResourcesBuildPhase;
			buildActionMask = 2147483647;
			files = (
			);
			runOnlyForDeploymentPostprocessing = 0;
		};
/* End PBXResourcesBuildPhase section */

/* Begin PBXSourcesBuildPhase section */
		39D415012CF71A1A0061F5F4 /* Sources */ = {
			isa = PBXSourcesBuildPhase;
			buildActionMask = 2147483647;
			files = (
				39D4150D2CF71A1A0061F5F4 /* ViewController.swift in Sources */,
				39D415092CF71A1A0061F5F4 /* AppDelegate.swift in Sources */,
				39D4153A2CF71D810061F5F4 /* CustomBotton.swift in Sources */,
				39D4150B2CF71A1A0061F5F4 /* SceneDelegate.swift in Sources */,
			);
			runOnlyForDeploymentPostprocessing = 0;
		};
		39D415172CF71A1B0061F5F4 /* Sources */ = {
			isa = PBXSourcesBuildPhase;
			buildActionMask = 2147483647;
			files = (
				39D415202CF71A1B0061F5F4 /* uiTestTests.swift in Sources */,
			);
			runOnlyForDeploymentPostprocessing = 0;
		};
		39D415212CF71A1B0061F5F4 /* Sources */ = {
			isa = PBXSourcesBuildPhase;
			buildActionMask = 2147483647;
			files = (
				39D4152C2CF71A1B0061F5F4 /* uiTestUITestsLaunchTests.swift in Sources */,
				39D4152A2CF71A1B0061F5F4 /* uiTestUITests.swift in Sources */,
			);
			runOnlyForDeploymentPostprocessing = 0;
		};
/* End PBXSourcesBuildPhase section */

/* Begin PBXTargetDependency section */
		39D4151D2CF71A1B0061F5F4 /* PBXTargetDependency */ = {
			isa = PBXTargetDependency;
			target = 39D415042CF71A1A0061F5F4 /* uiTest */;
			targetProxy = 39D4151C2CF71A1B0061F5F4 /* PBXContainerItemProxy */;
		};
		39D415272CF71A1B0061F5F4 /* PBXTargetDependency */ = {
			isa = PBXTargetDependency;
			target = 39D415042CF71A1A0061F5F4 /* uiTest */;
			targetProxy = 39D415262CF71A1B0061F5F4 /* PBXContainerItemProxy */;
		};
/* End PBXTargetDependency section */

/* Begin PBXVariantGroup section */
		39D4150E2CF71A1A0061F5F4 /* Main.storyboard */ = {
			isa = PBXVariantGroup;
			children = (
				39D4150F2CF71A1A0061F5F4 /* Base */,
			);
			name = Main.storyboard;
			sourceTree = "<group>";
		};
		39D415132CF71A1B0061F5F4 /* LaunchScreen.storyboard */ = {
			isa = PBXVariantGroup;
			children = (
				39D415142CF71A1B0061F5F4 /* Base */,
			);
			name = LaunchScreen.storyboard;
			sourceTree = "<group>";
		};
/* End PBXVariantGroup section */

/* Begin XCBuildConfiguration section */
		39D4152D2CF71A1B0061F5F4 /* Debug */ = {
			isa = XCBuildConfiguration;
			buildSettings = {
				ALWAYS_SEARCH_USER_PATHS = NO;
				ASSETCATALOG_COMPILER_GENERATE_SWIFT_ASSET_SYMBOL_EXTENSIONS = YES;
				CLANG_ANALYZER_NONNULL = YES;
				CLANG_ANALYZER_NUMBER_OBJECT_CONVERSION = YES_AGGRESSIVE;
				CLANG_CXX_LANGUAGE_STANDARD = "gnu++20";
				CLANG_ENABLE_MODULES = YES;
				CLANG_ENABLE_OBJC_ARC = YES;
				CLANG_ENABLE_OBJC_WEAK = YES;
				CLANG_WARN_BLOCK_CAPTURE_AUTORELEASING = YES;
				CLANG_WARN_BOOL_CONVERSION = YES;
				CLANG_WARN_COMMA = YES;
				CLANG_WARN_CONSTANT_CONVERSION = YES;
				CLANG_WARN_DEPRECATED_OBJC_IMPLEMENTATIONS = YES;
				CLANG_WARN_DIRECT_OBJC_ISA_USAGE = YES_ERROR;
				CLANG_WARN_DOCUMENTATION_COMMENTS = YES;
				CLANG_WARN_EMPTY_BODY = YES;
				CLANG_WARN_ENUM_CONVERSION = YES;
				CLANG_WARN_INFINITE_RECURSION = YES;
				CLANG_WARN_INT_CONVERSION = YES;
				CLANG_WARN_NON_LITERAL_NULL_CONVERSION = YES;
				CLANG_WARN_OBJC_IMPLICIT_RETAIN_SELF = YES;
				CLANG_WARN_OBJC_LITERAL_CONVERSION = YES;
				CLANG_WARN_OBJC_ROOT_CLASS = YES_ERROR;
				CLANG_WARN_QUOTED_INCLUDE_IN_FRAMEWORK_HEADER = YES;
				CLANG_WARN_RANGE_LOOP_ANALYSIS = YES;
				CLANG_WARN_STRICT_PROTOTYPES = YES;
				CLANG_WARN_SUSPICIOUS_MOVE = YES;
				CLANG_WARN_UNGUARDED_AVAILABILITY = YES_AGGRESSIVE;
				CLANG_WARN_UNREACHABLE_CODE = YES;
				CLANG_WARN__DUPLICATE_METHOD_MATCH = YES;
				COPY_PHASE_STRIP = NO;
				DEBUG_INFORMATION_FORMAT = dwarf;
				ENABLE_STRICT_OBJC_MSGSEND = YES;
				ENABLE_TESTABILITY = YES;
				ENABLE_USER_SCRIPT_SANDBOXING = YES;
				GCC_C_LANGUAGE_STANDARD = gnu17;
				GCC_DYNAMIC_NO_PIC = NO;
				GCC_NO_COMMON_BLOCKS = YES;
				GCC_OPTIMIZATION_LEVEL = 0;
				GCC_PREPROCESSOR_DEFINITIONS = (
					"DEBUG=1",
					"$(inherited)",
				);
				GCC_WARN_64_TO_32_BIT_CONVERSION = YES;
				GCC_WARN_ABOUT_RETURN_TYPE = YES_ERROR;
				GCC_WARN_UNDECLARED_SELECTOR = YES;
				GCC_WARN_UNINITIALIZED_AUTOS = YES_AGGRESSIVE;
				GCC_WARN_UNUSED_FUNCTION = YES;
				GCC_WARN_UNUSED_VARIABLE = YES;
				IPHONEOS_DEPLOYMENT_TARGET = 17.2;
				LOCALIZATION_PREFERS_STRING_CATALOGS = YES;
				MTL_ENABLE_DEBUG_INFO = INCLUDE_SOURCE;
				MTL_FAST_MATH = YES;
				ONLY_ACTIVE_ARCH = YES;
				SDKROOT = iphoneos;
				SWIFT_ACTIVE_COMPILATION_CONDITIONS = "DEBUG $(inherited)";
				SWIFT_OPTIMIZATION_LEVEL = "-Onone";
			};
			name = Debug;
		};
		39D4152E2CF71A1B0061F5F4 /* Release */ = {
			isa = XCBuildConfiguration;
			buildSettings = {
				ALWAYS_SEARCH_USER_PATHS = NO;
				ASSETCATALOG_COMPILER_GENERATE_SWIFT_ASSET_SYMBOL_EXTENSIONS = YES;
				CLANG_ANALYZER_NONNULL = YES;
				CLANG_ANALYZER_NUMBER_OBJECT_CONVERSION = YES_AGGRESSIVE;
				CLANG_CXX_LANGUAGE_STANDARD = "gnu++20";
				CLANG_ENABLE_MODULES = YES;
				CLANG_ENABLE_OBJC_ARC = YES;
				CLANG_ENABLE_OBJC_WEAK = YES;
				CLANG_WARN_BLOCK_CAPTURE_AUTORELEASING = YES;
				CLANG_WARN_BOOL_CONVERSION = YES;
				CLANG_WARN_COMMA = YES;
				CLANG_WARN_CONSTANT_CONVERSION = YES;
				CLANG_WARN_DEPRECATED_OBJC_IMPLEMENTATIONS = YES;
				CLANG_WARN_DIRECT_OBJC_ISA_USAGE = YES_ERROR;
				CLANG_WARN_DOCUMENTATION_COMMENTS = YES;
				CLANG_WARN_EMPTY_BODY = YES;
				CLANG_WARN_ENUM_CONVERSION = YES;
				CLANG_WARN_INFINITE_RECURSION = YES;
				CLANG_WARN_INT_CONVERSION = YES;
				CLANG_WARN_NON_LITERAL_NULL_CONVERSION = YES;
				CLANG_WARN_OBJC_IMPLICIT_RETAIN_SELF = YES;
				CLANG_WARN_OBJC_LITERAL_CONVERSION = YES;
				CLANG_WARN_OBJC_ROOT_CLASS = YES_ERROR;
				CLANG_WARN_QUOTED_INCLUDE_IN_FRAMEWORK_HEADER = YES;
				CLANG_WARN_RANGE_LOOP_ANALYSIS = YES;
				CLANG_WARN_STRICT_PROTOTYPES = YES;
				CLANG_WARN_SUSPICIOUS_MOVE = YES;
				CLANG_WARN_UNGUARDED_AVAILABILITY = YES_AGGRESSIVE;
				CLANG_WARN_UNREACHABLE_CODE = YES;
				CLANG_WARN__DUPLICATE_METHOD_MATCH = YES;
				COPY_PHASE_STRIP = NO;
				DEBUG_INFORMATION_FORMAT = "dwarf-with-dsym";
				ENABLE_NS_ASSERTIONS = NO;
				ENABLE_STRICT_OBJC_MSGSEND = YES;
				ENABLE_USER_SCRIPT_SANDBOXING = YES;
				GCC_C_LANGUAGE_STANDARD = gnu17;
				GCC_NO_COMMON_BLOCKS = YES;
				GCC_WARN_64_TO_32_BIT_CONVERSION = YES;
				GCC_WARN_ABOUT_RETURN_TYPE = YES_ERROR;
				GCC_WARN_UNDECLARED_SELECTOR = YES;
				GCC_WARN_UNINITIALIZED_AUTOS = YES_AGGRESSIVE;
				GCC_WARN_UNUSED_FUNCTION = YES;
				GCC_WARN_UNUSED_VARIABLE = YES;
				IPHONEOS_DEPLOYMENT_TARGET = 17.2;
				LOCALIZATION_PREFERS_STRING_CATALOGS = YES;
				MTL_ENABLE_DEBUG_INFO = NO;
				MTL_FAST_MATH = YES;
				SDKROOT = iphoneos;
				SWIFT_COMPILATION_MODE = wholemodule;
				VALIDATE_PRODUCT = YES;
			};
			name = Release;
		};
		39D415302CF71A1B0061F5F4 /* Debug */ = {
			isa = XCBuildConfiguration;
			buildSettings = {
				ASSETCATALOG_COMPILER_APPICON_NAME = AppIcon;
				ASSETCATALOG_COMPILER_GLOBAL_ACCENT_COLOR_NAME = AccentColor;
				CODE_SIGN_STYLE = Automatic;
				CURRENT_PROJECT_VERSION = 1;
				GENERATE_INFOPLIST_FILE = YES;
				INFOPLIST_FILE = uiTest/Info.plist;
				INFOPLIST_KEY_UIApplicationSupportsIndirectInputEvents = YES;
				INFOPLIST_KEY_UILaunchStoryboardName = LaunchScreen;
				INFOPLIST_KEY_UIMainStoryboardFile = Main;
				INFOPLIST_KEY_UISupportedInterfaceOrientations_iPad = "UIInterfaceOrientationPortrait UIInterfaceOrientationPortraitUpsideDown UIInterfaceOrientationLandscapeLeft UIInterfaceOrientationLandscapeRight";
				INFOPLIST_KEY_UISupportedInterfaceOrientations_iPhone = "UIInterfaceOrientationPortrait UIInterfaceOrientationLandscapeLeft UIInterfaceOrientationLandscapeRight";
				LD_RUNPATH_SEARCH_PATHS = (
					"$(inherited)",
					"@executable_path/Frameworks",
				);
				MARKETING_VERSION = 1.0;
				PRODUCT_BUNDLE_IDENTIFIER = com.iso.uidemo.uiTest;
				PRODUCT_NAME = "$(TARGET_NAME)";
				SWIFT_EMIT_LOC_STRINGS = YES;
				SWIFT_VERSION = 5.0;
				TARGETED_DEVICE_FAMILY = "1,2";
			};
			name = Debug;
		};
		39D415312CF71A1B0061F5F4 /* Release */ = {
			isa = XCBuildConfiguration;
			buildSettings = {
				ASSETCATALOG_COMPILER_APPICON_NAME = AppIcon;
				ASSETCATALOG_COMPILER_GLOBAL_ACCENT_COLOR_NAME = AccentColor;
				CODE_SIGN_STYLE = Automatic;
				CURRENT_PROJECT_VERSION = 1;
				GENERATE_INFOPLIST_FILE = YES;
				INFOPLIST_FILE = uiTest/Info.plist;
				INFOPLIST_KEY_UIApplicationSupportsIndirectInputEvents = YES;
				INFOPLIST_KEY_UILaunchStoryboardName = LaunchScreen;
				INFOPLIST_KEY_UIMainStoryboardFile = Main;
				INFOPLIST_KEY_UISupportedInterfaceOrientations_iPad = "UIInterfaceOrientationPortrait UIInterfaceOrientationPortraitUpsideDown UIInterfaceOrientationLandscapeLeft UIInterfaceOrientationLandscapeRight";
				INFOPLIST_KEY_UISupportedInterfaceOrientations_iPhone = "UIInterfaceOrientationPortrait UIInterfaceOrientationLandscapeLeft UIInterfaceOrientationLandscapeRight";
				LD_RUNPATH_SEARCH_PATHS = (
					"$(inherited)",
					"@executable_path/Frameworks",
				);
				MARKETING_VERSION = 1.0;
				PRODUCT_BUNDLE_IDENTIFIER = com.iso.uidemo.uiTest;
				PRODUCT_NAME = "$(TARGET_NAME)";
				SWIFT_EMIT_LOC_STRINGS = YES;
				SWIFT_VERSION = 5.0;
				TARGETED_DEVICE_FAMILY = "1,2";
			};
			name = Release;
		};
		39D415332CF71A1B0061F5F4 /* Debug */ = {
			isa = XCBuildConfiguration;
			buildSettings = {
				ALWAYS_EMBED_SWIFT_STANDARD_LIBRARIES = YES;
				BUNDLE_LOADER = "$(TEST_HOST)";
				CODE_SIGN_STYLE = Automatic;
				CURRENT_PROJECT_VERSION = 1;
				GENERATE_INFOPLIST_FILE = YES;
				IPHONEOS_DEPLOYMENT_TARGET = 17.2;
				MARKETING_VERSION = 1.0;
				PRODUCT_BUNDLE_IDENTIFIER = com.iso.uidemo.uiTestTests;
				PRODUCT_NAME = "$(TARGET_NAME)";
				SWIFT_EMIT_LOC_STRINGS = NO;
				SWIFT_VERSION = 5.0;
				TARGETED_DEVICE_FAMILY = "1,2";
				TEST_HOST = "$(BUILT_PRODUCTS_DIR)/uiTest.app/$(BUNDLE_EXECUTABLE_FOLDER_PATH)/uiTest";
			};
			name = Debug;
		};
		39D415342CF71A1B0061F5F4 /* Release */ = {
			isa = XCBuildConfiguration;
			buildSettings = {
				ALWAYS_EMBED_SWIFT_STANDARD_LIBRARIES = YES;
				BUNDLE_LOADER = "$(TEST_HOST)";
				CODE_SIGN_STYLE = Automatic;
				CURRENT_PROJECT_VERSION = 1;
				GENERATE_INFOPLIST_FILE = YES;
				IPHONEOS_DEPLOYMENT_TARGET = 17.2;
				MARKETING_VERSION = 1.0;
				PRODUCT_BUNDLE_IDENTIFIER = com.iso.uidemo.uiTestTests;
				PRODUCT_NAME = "$(TARGET_NAME)";
				SWIFT_EMIT_LOC_STRINGS = NO;
				SWIFT_VERSION = 5.0;
				TARGETED_DEVICE_FAMILY = "1,2";
				TEST_HOST = "$(BUILT_PRODUCTS_DIR)/uiTest.app/$(BUNDLE_EXECUTABLE_FOLDER_PATH)/uiTest";
			};
			name = Release;
		};
		39D415362CF71A1B0061F5F4 /* Debug */ = {
			isa = XCBuildConfiguration;
			buildSettings = {
				ALWAYS_EMBED_SWIFT_STANDARD_LIBRARIES = YES;
				CODE_SIGN_STYLE = Automatic;
				CURRENT_PROJECT_VERSION = 1;
				GENERATE_INFOPLIST_FILE = YES;
				MARKETING_VERSION = 1.0;
				PRODUCT_BUNDLE_IDENTIFIER = com.iso.uidemo.uiTestUITests;
				PRODUCT_NAME = "$(TARGET_NAME)";
				SWIFT_EMIT_LOC_STRINGS = NO;
				SWIFT_VERSION = 5.0;
				TARGETED_DEVICE_FAMILY = "1,2";
				TEST_TARGET_NAME = uiTest;
			};
			name = Debug;
		};
		39D415372CF71A1B0061F5F4 /* Release */ = {
			isa = XCBuildConfiguration;
			buildSettings = {
				ALWAYS_EMBED_SWIFT_STANDARD_LIBRARIES = YES;
				CODE_SIGN_STYLE = Automatic;
				CURRENT_PROJECT_VERSION = 1;
				GENERATE_INFOPLIST_FILE = YES;
				MARKETING_VERSION = 1.0;
				PRODUCT_BUNDLE_IDENTIFIER = com.iso.uidemo.uiTestUITests;
				PRODUCT_NAME = "$(TARGET_NAME)";
				SWIFT_EMIT_LOC_STRINGS = NO;
				SWIFT_VERSION = 5.0;
				TARGETED_DEVICE_FAMILY = "1,2";
				TEST_TARGET_NAME = uiTest;
			};
			name = Release;
		};
/* End XCBuildConfiguration section */

/* Begin XCConfigurationList section */
		39D415002CF71A1A0061F5F4 /* Build configuration list for PBXProject "uiTest" */ = {
			isa = XCConfigurationList;
			buildConfigurations = (
				39D4152D2CF71A1B0061F5F4 /* Debug */,
				39D4152E2CF71A1B0061F5F4 /* Release */,
			);
			defaultConfigurationIsVisible = 0;
			defaultConfigurationName = Release;
		};
		39D4152F2CF71A1B0061F5F4 /* Build configuration list for PBXNativeTarget "uiTest" */ = {
			isa = XCConfigurationList;
			buildConfigurations = (
				39D415302CF71A1B0061F5F4 /* Debug */,
				39D415312CF71A1B0061F5F4 /* Release */,
			);
			defaultConfigurationIsVisible = 0;
			defaultConfigurationName = Release;
		};
		39D415322CF71A1B0061F5F4 /* Build configuration list for PBXNativeTarget "uiTestTests" */ = {
			isa = XCConfigurationList;
			buildConfigurations = (
				39D415332CF71A1B0061F5F4 /* Debug */,
				39D415342CF71A1B0061F5F4 /* Release */,
			);
			defaultConfigurationIsVisible = 0;
			defaultConfigurationName = Release;
		};
		39D415352CF71A1B0061F5F4 /* Build configuration list for PBXNativeTarget "uiTestUITests" */ = {
			isa = XCConfigurationList;
			buildConfigurations = (
				39D415362CF71A1B0061F5F4 /* Debug */,
				39D415372CF71A1B0061F5F4 /* Release */,
			);
			defaultConfigurationIsVisible = 0;
			defaultConfigurationName = Release;
		};
/* End XCConfigurationList section */
	};
	rootObject = 39D414FD2CF71A1A0061F5F4 /* Project object */;
}
